{
  "originHash" : "40e16d652c037995bb10ba8be9938ece94400bae1c96f49bd56359fddfee7b66",
  "pins" : [
    {
      "identity" : "playdatekit",
      "kind" : "remoteSourceControl",
      "location" : "https://github.com/finnvoor/PlaydateKit.git",
      "state" : {
        "branch" : "improvement/swiftpm-build-system",
        "revision" : "b99b8104dea59cd5b294ced077e674ca8590bc04"
      }
    }
  ],
  "version" : 3
}
