{
  "originHash" : "12985ddd8625a1696a3f95fca0abf0851abc7c970b645e3494f39873d1a2b12d",
  "pins" : [
    {
      "identity" : "playdatekit",
      "kind" : "remoteSourceControl",
      "location" : "https://github.com/finnvoor/PlaydateKit.git",
      "state" : {
        "branch" : "main",
        "revision" : "8434134cf939780f843bb4f1e88de9f0a0199a6e"
      }
    }
  ],
  "version" : 3
}
