{
  "originHash" : "cbb4bc5063df116b6d7045f8f01f5806e5fb900a5a9583a901c2869b8a0e0d33",
  "pins" : [
    {
      "identity" : "playdatekit",
      "kind" : "remoteSourceControl",
      "location" : "https://github.com/finnvoor/PlaydateKit.git",
      "state" : {
        "branch" : "main",
        "revision" : "8434134cf939780f843bb4f1e88de9f0a0199a6e"
      }
    }
  ],
  "version" : 3
}
